// !$*UTF8*$!
{
	archiveVersion = 1;
	classes = {
	};
	objectVersion = 46;
	objects = {

/* Begin PBXBuildFile section */
		362B302319740EBD005DA6F8 /* AppDelegate.swift in Sources */ = {isa = PBXBuildFile; fileRef = 362B302219740EBD005DA6F8 /* AppDelegate.swift */; };
		362B302A19740EBD005DA6F8 /* Images.xcassets in Resources */ = {isa = PBXBuildFile; fileRef = 362B302919740EBD005DA6F8 /* Images.xcassets */; };
		362B303619740EBD005DA6F8 /* NerdfeedTests.swift in Sources */ = {isa = PBXBuildFile; fileRef = 362B303519740EBD005DA6F8 /* NerdfeedTests.swift */; };
		365F1056197E99BA00F5FF3E /* RSSChannel.swift in Sources */ = {isa = PBXBuildFile; fileRef = 365F1054197E99BA00F5FF3E /* RSSChannel.swift */; };
		365F1057197E99BA00F5FF3E /* RSSItem.swift in Sources */ = {isa = PBXBuildFile; fileRef = 365F1055197E99BA00F5FF3E /* RSSItem.swift */; };
		365F105A197E9A0600F5FF3E /* RSSItemCell.swift in Sources */ = {isa = PBXBuildFile; fileRef = 365F1058197E9A0600F5FF3E /* RSSItemCell.swift */; };
		365F105B197E9A0600F5FF3E /* RSSItemCell.xib in Resources */ = {isa = PBXBuildFile; fileRef = 365F1059197E9A0600F5FF3E /* RSSItemCell.xib */; };
		365F105F197E9A3500F5FF3E /* ChannelViewController.swift in Sources */ = {isa = PBXBuildFile; fileRef = 365F105C197E9A3500F5FF3E /* ChannelViewController.swift */; };
		365F1060197E9A3500F5FF3E /* ListViewController.swift in Sources */ = {isa = PBXBuildFile; fileRef = 365F105D197E9A3500F5FF3E /* ListViewController.swift */; };
		365F1061197E9A3500F5FF3E /* WebViewController.swift in Sources */ = {isa = PBXBuildFile; fileRef = 365F105E197E9A3500F5FF3E /* WebViewController.swift */; };
		365F1065197E9AE500F5FF3E /* BNRFeedStore.swift in Sources */ = {isa = PBXBuildFile; fileRef = 365F1064197E9AE500F5FF3E /* BNRFeedStore.swift */; };
		365F1069197FF45100F5FF3E /* BNRConnection.swift in Sources */ = {isa = PBXBuildFile; fileRef = 365F1068197FF45100F5FF3E /* BNRConnection.swift */; };
		36617790198A752100AFF810 /* Nerdfeed.xcdatamodeld in Sources */ = {isa = PBXBuildFile; fileRef = 3661778E198A752100AFF810 /* Nerdfeed.xcdatamodeld */; };
/* End PBXBuildFile section */

/* Begin PBXContainerItemProxy section */
		362B303019740EBD005DA6F8 /* PBXContainerItemProxy */ = {
			isa = PBXContainerItemProxy;
			containerPortal = 362B301519740EBD005DA6F8 /* Project object */;
			proxyType = 1;
			remoteGlobalIDString = 362B301C19740EBD005DA6F8;
			remoteInfo = Nerdfeed;
		};
/* End PBXContainerItemProxy section */

/* Begin PBXFileReference section */
		362B301D19740EBD005DA6F8 /* Nerdfeed.app */ = {isa = PBXFileReference; explicitFileType = wrapper.application; includeInIndex = 0; path = Nerdfeed.app; sourceTree = BUILT_PRODUCTS_DIR; };
		362B302119740EBD005DA6F8 /* Info.plist */ = {isa = PBXFileReference; lastKnownFileType = text.plist.xml; path = Info.plist; sourceTree = "<group>"; };
		362B302219740EBD005DA6F8 /* AppDelegate.swift */ = {isa = PBXFileReference; lastKnownFileType = sourcecode.swift; path = AppDelegate.swift; sourceTree = "<group>"; };
		362B302919740EBD005DA6F8 /* Images.xcassets */ = {isa = PBXFileReference; lastKnownFileType = folder.assetcatalog; path = Images.xcassets; sourceTree = "<group>"; };
		362B302F19740EBD005DA6F8 /* NerdfeedTests.xctest */ = {isa = PBXFileReference; explicitFileType = wrapper.cfbundle; includeInIndex = 0; path = NerdfeedTests.xctest; sourceTree = BUILT_PRODUCTS_DIR; };
		362B303419740EBD005DA6F8 /* Info.plist */ = {isa = PBXFileReference; lastKnownFileType = text.plist.xml; path = Info.plist; sourceTree = "<group>"; };
		362B303519740EBD005DA6F8 /* NerdfeedTests.swift */ = {isa = PBXFileReference; lastKnownFileType = sourcecode.swift; path = NerdfeedTests.swift; sourceTree = "<group>"; };
		365F1054197E99BA00F5FF3E /* RSSChannel.swift */ = {isa = PBXFileReference; fileEncoding = 4; lastKnownFileType = sourcecode.swift; name = RSSChannel.swift; path = Model/RSSChannel.swift; sourceTree = "<group>"; };
		365F1055197E99BA00F5FF3E /* RSSItem.swift */ = {isa = PBXFileReference; fileEncoding = 4; lastKnownFileType = sourcecode.swift; name = RSSItem.swift; path = Model/RSSItem.swift; sourceTree = "<group>"; };
		365F1058197E9A0600F5FF3E /* RSSItemCell.swift */ = {isa = PBXFileReference; fileEncoding = 4; lastKnownFileType = sourcecode.swift; name = RSSItemCell.swift; path = View/RSSItemCell.swift; sourceTree = "<group>"; };
		365F1059197E9A0600F5FF3E /* RSSItemCell.xib */ = {isa = PBXFileReference; fileEncoding = 4; lastKnownFileType = file.xib; name = RSSItemCell.xib; path = View/RSSItemCell.xib; sourceTree = "<group>"; };
		365F105C197E9A3500F5FF3E /* ChannelViewController.swift */ = {isa = PBXFileReference; fileEncoding = 4; lastKnownFileType = sourcecode.swift; name = ChannelViewController.swift; path = Controller/ChannelViewController.swift; sourceTree = "<group>"; };
		365F105D197E9A3500F5FF3E /* ListViewController.swift */ = {isa = PBXFileReference; fileEncoding = 4; lastKnownFileType = sourcecode.swift; name = ListViewController.swift; path = Controller/ListViewController.swift; sourceTree = "<group>"; };
		365F105E197E9A3500F5FF3E /* WebViewController.swift */ = {isa = PBXFileReference; fileEncoding = 4; lastKnownFileType = sourcecode.swift; name = WebViewController.swift; path = Controller/WebViewController.swift; sourceTree = "<group>"; };
		365F1064197E9AE500F5FF3E /* BNRFeedStore.swift */ = {isa = PBXFileReference; fileEncoding = 4; lastKnownFileType = sourcecode.swift; name = BNRFeedStore.swift; path = Store/BNRFeedStore.swift; sourceTree = "<group>"; };
		365F1068197FF45100F5FF3E /* BNRConnection.swift */ = {isa = PBXFileReference; fileEncoding = 4; lastKnownFileType = sourcecode.swift; name = BNRConnection.swift; path = Store/BNRConnection.swift; sourceTree = "<group>"; };
		3661778F198A752100AFF810 /* Nerdfeed.xcdatamodel */ = {isa = PBXFileReference; lastKnownFileType = wrapper.xcdatamodel; path = Nerdfeed.xcdatamodel; sourceTree = "<group>"; };
/* End PBXFileReference section */

/* Begin PBXFrameworksBuildPhase section */
		362B301A19740EBD005DA6F8 /* Frameworks */ = {
			isa = PBXFrameworksBuildPhase;
			buildActionMask = 2147483647;
			files = (
			);
			runOnlyForDeploymentPostprocessing = 0;
		};
		362B302C19740EBD005DA6F8 /* Frameworks */ = {
			isa = PBXFrameworksBuildPhase;
			buildActionMask = 2147483647;
			files = (
			);
			runOnlyForDeploymentPostprocessing = 0;
		};
/* End PBXFrameworksBuildPhase section */

/* Begin PBXGroup section */
		362B301419740EBD005DA6F8 = {
			isa = PBXGroup;
			children = (
				362B301F19740EBD005DA6F8 /* Nerdfeed */,
				362B303219740EBD005DA6F8 /* NerdfeedTests */,
				362B301E19740EBD005DA6F8 /* Products */,
			);
			sourceTree = "<group>";
		};
		362B301E19740EBD005DA6F8 /* Products */ = {
			isa = PBXGroup;
			children = (
				362B301D19740EBD005DA6F8 /* Nerdfeed.app */,
				362B302F19740EBD005DA6F8 /* NerdfeedTests.xctest */,
			);
			name = Products;
			sourceTree = "<group>";
		};
		362B301F19740EBD005DA6F8 /* Nerdfeed */ = {
			isa = PBXGroup;
			children = (
				362B302219740EBD005DA6F8 /* AppDelegate.swift */,
				365F106A1984040F00F5FF3E /* Utility */,
				365F1050197E992500F5FF3E /* Store */,
				365F1051197E993500F5FF3E /* Model */,
				365F1052197E995800F5FF3E /* View */,
				365F1053197E996300F5FF3E /* Controller */,
				362B302919740EBD005DA6F8 /* Images.xcassets */,
				362B302019740EBD005DA6F8 /* Supporting Files */,
			);
			path = Nerdfeed;
			sourceTree = "<group>";
		};
		362B302019740EBD005DA6F8 /* Supporting Files */ = {
			isa = PBXGroup;
			children = (
				362B302119740EBD005DA6F8 /* Info.plist */,
			);
			name = "Supporting Files";
			sourceTree = "<group>";
		};
		362B303219740EBD005DA6F8 /* NerdfeedTests */ = {
			isa = PBXGroup;
			children = (
				362B303519740EBD005DA6F8 /* NerdfeedTests.swift */,
				362B303319740EBD005DA6F8 /* Supporting Files */,
			);
			path = NerdfeedTests;
			sourceTree = "<group>";
		};
		362B303319740EBD005DA6F8 /* Supporting Files */ = {
			isa = PBXGroup;
			children = (
				362B303419740EBD005DA6F8 /* Info.plist */,
			);
			name = "Supporting Files";
			sourceTree = "<group>";
		};
		365F1050197E992500F5FF3E /* Store */ = {
			isa = PBXGroup;
			children = (
				3661778E198A752100AFF810 /* Nerdfeed.xcdatamodeld */,
				365F1064197E9AE500F5FF3E /* BNRFeedStore.swift */,
			);
			name = Store;
			sourceTree = "<group>";
		};
		365F1051197E993500F5FF3E /* Model */ = {
			isa = PBXGroup;
			children = (
				365F1054197E99BA00F5FF3E /* RSSChannel.swift */,
				365F1055197E99BA00F5FF3E /* RSSItem.swift */,
			);
			name = Model;
			sourceTree = "<group>";
		};
		365F1052197E995800F5FF3E /* View */ = {
			isa = PBXGroup;
			children = (
				365F1058197E9A0600F5FF3E /* RSSItemCell.swift */,
				365F1059197E9A0600F5FF3E /* RSSItemCell.xib */,
			);
			name = View;
			sourceTree = "<group>";
		};
		365F1053197E996300F5FF3E /* Controller */ = {
			isa = PBXGroup;
			children = (
				365F105C197E9A3500F5FF3E /* ChannelViewController.swift */,
				365F105D197E9A3500F5FF3E /* ListViewController.swift */,
				365F105E197E9A3500F5FF3E /* WebViewController.swift */,
			);
			name = Controller;
			sourceTree = "<group>";
		};
		365F106A1984040F00F5FF3E /* Utility */ = {
			isa = PBXGroup;
			children = (
				365F1068197FF45100F5FF3E /* BNRConnection.swift */,
			);
			name = Utility;
			sourceTree = "<group>";
		};
/* End PBXGroup section */

/* Begin PBXNativeTarget section */
		362B301C19740EBD005DA6F8 /* Nerdfeed */ = {
			isa = PBXNativeTarget;
			buildConfigurationList = 362B303919740EBD005DA6F8 /* Build configuration list for PBXNativeTarget "Nerdfeed" */;
			buildPhases = (
				362B301919740EBD005DA6F8 /* Sources */,
				362B301A19740EBD005DA6F8 /* Frameworks */,
				362B301B19740EBD005DA6F8 /* Resources */,
			);
			buildRules = (
			);
			dependencies = (
			);
			name = Nerdfeed;
			productName = Nerdfeed;
			productReference = 362B301D19740EBD005DA6F8 /* Nerdfeed.app */;
			productType = "com.apple.product-type.application";
		};
		362B302E19740EBD005DA6F8 /* NerdfeedTests */ = {
			isa = PBXNativeTarget;
			buildConfigurationList = 362B303C19740EBD005DA6F8 /* Build configuration list for PBXNativeTarget "NerdfeedTests" */;
			buildPhases = (
				362B302B19740EBD005DA6F8 /* Sources */,
				362B302C19740EBD005DA6F8 /* Frameworks */,
				362B302D19740EBD005DA6F8 /* Resources */,
			);
			buildRules = (
			);
			dependencies = (
				362B303119740EBD005DA6F8 /* PBXTargetDependency */,
			);
			name = NerdfeedTests;
			productName = NerdfeedTests;
			productReference = 362B302F19740EBD005DA6F8 /* NerdfeedTests.xctest */;
			productType = "com.apple.product-type.bundle.unit-test";
		};
/* End PBXNativeTarget section */

/* Begin PBXProject section */
		362B301519740EBD005DA6F8 /* Project object */ = {
			isa = PBXProject;
			attributes = {
				LastUpgradeCheck = 0600;
				ORGANIZATIONNAME = chain;
				TargetAttributes = {
					362B301C19740EBD005DA6F8 = {
						CreatedOnToolsVersion = 6.0;
					};
					362B302E19740EBD005DA6F8 = {
						CreatedOnToolsVersion = 6.0;
						TestTargetID = 362B301C19740EBD005DA6F8;
					};
				};
			};
			buildConfigurationList = 362B301819740EBD005DA6F8 /* Build configuration list for PBXProject "Nerdfeed" */;
			compatibilityVersion = "Xcode 3.2";
			developmentRegion = English;
			hasScannedForEncodings = 0;
			knownRegions = (
				en,
				Base,
			);
			mainGroup = 362B301419740EBD005DA6F8;
			productRefGroup = 362B301E19740EBD005DA6F8 /* Products */;
			projectDirPath = "";
			projectRoot = "";
			targets = (
				362B301C19740EBD005DA6F8 /* Nerdfeed */,
				362B302E19740EBD005DA6F8 /* NerdfeedTests */,
			);
		};
/* End PBXProject section */

/* Begin PBXResourcesBuildPhase section */
		362B301B19740EBD005DA6F8 /* Resources */ = {
			isa = PBXResourcesBuildPhase;
			buildActionMask = 2147483647;
			files = (
				365F105B197E9A0600F5FF3E /* RSSItemCell.xib in Resources */,
				362B302A19740EBD005DA6F8 /* Images.xcassets in Resources */,
			);
			runOnlyForDeploymentPostprocessing = 0;
		};
		362B302D19740EBD005DA6F8 /* Resources */ = {
			isa = PBXResourcesBuildPhase;
			buildActionMask = 2147483647;
			files = (
			);
			runOnlyForDeploymentPostprocessing = 0;
		};
/* End PBXResourcesBuildPhase section */

/* Begin PBXSourcesBuildPhase section */
		362B301919740EBD005DA6F8 /* Sources */ = {
			isa = PBXSourcesBuildPhase;
			buildActionMask = 2147483647;
			files = (
				36617790198A752100AFF810 /* Nerdfeed.xcdatamodeld in Sources */,
				365F1069197FF45100F5FF3E /* BNRConnection.swift in Sources */,
				365F1065197E9AE500F5FF3E /* BNRFeedStore.swift in Sources */,
				365F1057197E99BA00F5FF3E /* RSSItem.swift in Sources */,
				362B302319740EBD005DA6F8 /* AppDelegate.swift in Sources */,
				365F1061197E9A3500F5FF3E /* WebViewController.swift in Sources */,
				365F105A197E9A0600F5FF3E /* RSSItemCell.swift in Sources */,
				365F1056197E99BA00F5FF3E /* RSSChannel.swift in Sources */,
				365F1060197E9A3500F5FF3E /* ListViewController.swift in Sources */,
				365F105F197E9A3500F5FF3E /* ChannelViewController.swift in Sources */,
			);
			runOnlyForDeploymentPostprocessing = 0;
		};
		362B302B19740EBD005DA6F8 /* Sources */ = {
			isa = PBXSourcesBuildPhase;
			buildActionMask = 2147483647;
			files = (
				362B303619740EBD005DA6F8 /* NerdfeedTests.swift in Sources */,
			);
			runOnlyForDeploymentPostprocessing = 0;
		};
/* End PBXSourcesBuildPhase section */

/* Begin PBXTargetDependency section */
		362B303119740EBD005DA6F8 /* PBXTargetDependency */ = {
			isa = PBXTargetDependency;
			target = 362B301C19740EBD005DA6F8 /* Nerdfeed */;
			targetProxy = 362B303019740EBD005DA6F8 /* PBXContainerItemProxy */;
		};
/* End PBXTargetDependency section */

/* Begin XCBuildConfiguration section */
		362B303719740EBD005DA6F8 /* Debug */ = {
			isa = XCBuildConfiguration;
			buildSettings = {
				ALWAYS_SEARCH_USER_PATHS = NO;
				CLANG_CXX_LANGUAGE_STANDARD = "gnu++0x";
				CLANG_CXX_LIBRARY = "libc++";
				CLANG_ENABLE_MODULES = YES;
				CLANG_ENABLE_OBJC_ARC = YES;
				CLANG_WARN_BOOL_CONVERSION = YES;
				CLANG_WARN_CONSTANT_CONVERSION = YES;
				CLANG_WARN_DIRECT_OBJC_ISA_USAGE = YES_ERROR;
				CLANG_WARN_EMPTY_BODY = YES;
				CLANG_WARN_ENUM_CONVERSION = YES;
				CLANG_WARN_INT_CONVERSION = YES;
				CLANG_WARN_OBJC_ROOT_CLASS = YES_ERROR;
				CLANG_WARN_UNREACHABLE_CODE = YES;
				CLANG_WARN__DUPLICATE_METHOD_MATCH = YES;
				"CODE_SIGN_IDENTITY[sdk=iphoneos*]" = "iPhone Developer";
				COPY_PHASE_STRIP = NO;
				ENABLE_STRICT_OBJC_MSGSEND = YES;
				GCC_C_LANGUAGE_STANDARD = gnu99;
				GCC_DYNAMIC_NO_PIC = NO;
				GCC_OPTIMIZATION_LEVEL = 0;
				GCC_PREPROCESSOR_DEFINITIONS = (
					"DEBUG=1",
					"$(inherited)",
				);
				GCC_SYMBOLS_PRIVATE_EXTERN = NO;
				GCC_WARN_64_TO_32_BIT_CONVERSION = YES;
				GCC_WARN_ABOUT_RETURN_TYPE = YES_ERROR;
				GCC_WARN_UNDECLARED_SELECTOR = YES;
				GCC_WARN_UNINITIALIZED_AUTOS = YES_AGGRESSIVE;
				GCC_WARN_UNUSED_FUNCTION = YES;
				GCC_WARN_UNUSED_VARIABLE = YES;
				IPHONEOS_DEPLOYMENT_TARGET = 8.0;
				METAL_ENABLE_DEBUG_INFO = YES;
				ONLY_ACTIVE_ARCH = YES;
				SDKROOT = iphoneos;
				SWIFT_OPTIMIZATION_LEVEL = "-Onone";
				TARGETED_DEVICE_FAMILY = "1,2";
			};
			name = Debug;
		};
		362B303819740EBD005DA6F8 /* Release */ = {
			isa = XCBuildConfiguration;
			buildSettings = {
				ALWAYS_SEARCH_USER_PATHS = NO;
				CLANG_CXX_LANGUAGE_STANDARD = "gnu++0x";
				CLANG_CXX_LIBRARY = "libc++";
				CLANG_ENABLE_MODULES = YES;
				CLANG_ENABLE_OBJC_ARC = YES;
				CLANG_WARN_BOOL_CONVERSION = YES;
				CLANG_WARN_CONSTANT_CONVERSION = YES;
				CLANG_WARN_DIRECT_OBJC_ISA_USAGE = YES_ERROR;
				CLANG_WARN_EMPTY_BODY = YES;
				CLANG_WARN_ENUM_CONVERSION = YES;
				CLANG_WARN_INT_CONVERSION = YES;
				CLANG_WARN_OBJC_ROOT_CLASS = YES_ERROR;
				CLANG_WARN_UNREACHABLE_CODE = YES;
				CLANG_WARN__DUPLICATE_METHOD_MATCH = YES;
				"CODE_SIGN_IDENTITY[sdk=iphoneos*]" = "iPhone Developer";
				COPY_PHASE_STRIP = YES;
				ENABLE_NS_ASSERTIONS = NO;
				ENABLE_STRICT_OBJC_MSGSEND = YES;
				GCC_C_LANGUAGE_STANDARD = gnu99;
				GCC_WARN_64_TO_32_BIT_CONVERSION = YES;
				GCC_WARN_ABOUT_RETURN_TYPE = YES_ERROR;
				GCC_WARN_UNDECLARED_SELECTOR = YES;
				GCC_WARN_UNINITIALIZED_AUTOS = YES_AGGRESSIVE;
				GCC_WARN_UNUSED_FUNCTION = YES;
				GCC_WARN_UNUSED_VARIABLE = YES;
				IPHONEOS_DEPLOYMENT_TARGET = 8.0;
				METAL_ENABLE_DEBUG_INFO = NO;
				SDKROOT = iphoneos;
				TARGETED_DEVICE_FAMILY = "1,2";
				VALIDATE_PRODUCT = YES;
			};
			name = Release;
		};
		362B303A19740EBD005DA6F8 /* Debug */ = {
			isa = XCBuildConfiguration;
			buildSettings = {
				ASSETCATALOG_COMPILER_APPICON_NAME = AppIcon;
				ASSETCATALOG_COMPILER_LAUNCHIMAGE_NAME = LaunchImage;
				INFOPLIST_FILE = Nerdfeed/Info.plist;
				IPHONEOS_DEPLOYMENT_TARGET = 7.1;
				LD_RUNPATH_SEARCH_PATHS = "$(inherited) @executable_path/Frameworks";
				PRODUCT_NAME = "$(TARGET_NAME)";
				TARGETED_DEVICE_FAMILY = "1,2";
			};
			name = Debug;
		};
		362B303B19740EBD005DA6F8 /* Release */ = {
			isa = XCBuildConfiguration;
			buildSettings = {
				ASSETCATALOG_COMPILER_APPICON_NAME = AppIcon;
				ASSETCATALOG_COMPILER_LAUNCHIMAGE_NAME = LaunchImage;
				INFOPLIST_FILE = Nerdfeed/Info.plist;
				IPHONEOS_DEPLOYMENT_TARGET = 7.1;
				LD_RUNPATH_SEARCH_PATHS = "$(inherited) @executable_path/Frameworks";
				PRODUCT_NAME = "$(TARGET_NAME)";
				TARGETED_DEVICE_FAMILY = "1,2";
			};
			name = Release;
		};
		362B303D19740EBD005DA6F8 /* Debug */ = {
			isa = XCBuildConfiguration;
			buildSettings = {
				BUNDLE_LOADER = "$(BUILT_PRODUCTS_DIR)/Nerdfeed.app/Nerdfeed";
				FRAMEWORK_SEARCH_PATHS = (
					"$(SDKROOT)/Developer/Library/Frameworks",
					"$(inherited)",
				);
				GCC_PREPROCESSOR_DEFINITIONS = (
					"DEBUG=1",
					"$(inherited)",
				);
				INFOPLIST_FILE = NerdfeedTests/Info.plist;
				LD_RUNPATH_SEARCH_PATHS = "$(inherited) @executable_path/Frameworks @loader_path/Frameworks";
				METAL_ENABLE_DEBUG_INFO = YES;
				PRODUCT_NAME = "$(TARGET_NAME)";
				TEST_HOST = "$(BUNDLE_LOADER)";
			};
			name = Debug;
		};
		362B303E19740EBD005DA6F8 /* Release */ = {
			isa = XCBuildConfiguration;
			buildSettings = {
				BUNDLE_LOADER = "$(BUILT_PRODUCTS_DIR)/Nerdfeed.app/Nerdfeed";
				FRAMEWORK_SEARCH_PATHS = (
					"$(SDKROOT)/Developer/Library/Frameworks",
					"$(inherited)",
				);
				INFOPLIST_FILE = NerdfeedTests/Info.plist;
				LD_RUNPATH_SEARCH_PATHS = "$(inherited) @executable_path/Frameworks @loader_path/Frameworks";
				METAL_ENABLE_DEBUG_INFO = NO;
				PRODUCT_NAME = "$(TARGET_NAME)";
				TEST_HOST = "$(BUNDLE_LOADER)";
			};
			name = Release;
		};
/* End XCBuildConfiguration section */

/* Begin XCConfigurationList section */
		362B301819740EBD005DA6F8 /* Build configuration list for PBXProject "Nerdfeed" */ = {
			isa = XCConfigurationList;
			buildConfigurations = (
				362B303719740EBD005DA6F8 /* Debug */,
				362B303819740EBD005DA6F8 /* Release */,
			);
			defaultConfigurationIsVisible = 0;
			defaultConfigurationName = Release;
		};
		362B303919740EBD005DA6F8 /* Build configuration list for PBXNativeTarget "Nerdfeed" */ = {
			isa = XCConfigurationList;
			buildConfigurations = (
				362B303A19740EBD005DA6F8 /* Debug */,
				362B303B19740EBD005DA6F8 /* Release */,
			);
			defaultConfigurationIsVisible = 0;
			defaultConfigurationName = Release;
		};
		362B303C19740EBD005DA6F8 /* Build configuration list for PBXNativeTarget "NerdfeedTests" */ = {
			isa = XCConfigurationList;
			buildConfigurations = (
				362B303D19740EBD005DA6F8 /* Debug */,
				362B303E19740EBD005DA6F8 /* Release */,
			);
			defaultConfigurationIsVisible = 0;
			defaultConfigurationName = Release;
		};
/* End XCConfigurationList section */

/* Begin XCVersionGroup section */
		3661778E198A752100AFF810 /* Nerdfeed.xcdatamodeld */ = {
			isa = XCVersionGroup;
			children = (
				3661778F198A752100AFF810 /* Nerdfeed.xcdatamodel */,
			);
			currentVersion = 3661778F198A752100AFF810 /* Nerdfeed.xcdatamodel */;
			path = Nerdfeed.xcdatamodeld;
			sourceTree = "<group>";
			versionGroupType = wrapper.xcdatamodel;
		};
/* End XCVersionGroup section */
	};
	rootObject = 362B301519740EBD005DA6F8 /* Project object */;
}
