// !$*UTF8*$!
{
	archiveVersion = 1;
	classes = {
	};
	objectVersion = 46;
	objects = {

/* Begin PBXBuildFile section */
		361BECE9199CFD6A00935BB8 /* AppDelegate.swift in Sources */ = {isa = PBXBuildFile; fileRef = 361BECE8199CFD6A00935BB8 /* AppDelegate.swift */; };
		361BECEB199CFD6A00935BB8 /* ViewController.swift in Sources */ = {isa = PBXBuildFile; fileRef = 361BECEA199CFD6A00935BB8 /* ViewController.swift */; };
		361BECEE199CFD6A00935BB8 /* Main.storyboard in Resources */ = {isa = PBXBuildFile; fileRef = 361BECEC199CFD6A00935BB8 /* Main.storyboard */; };
		361BECF0199CFD6A00935BB8 /* Images.xcassets in Resources */ = {isa = PBXBuildFile; fileRef = 361BECEF199CFD6A00935BB8 /* Images.xcassets */; };
		361BECFC199CFD6A00935BB8 /* CtrlEffectTests.swift in Sources */ = {isa = PBXBuildFile; fileRef = 361BECFB199CFD6A00935BB8 /* CtrlEffectTests.swift */; };
		361BED06199D012700935BB8 /* TransformControlsViewController.swift in Sources */ = {isa = PBXBuildFile; fileRef = 361BED05199D012700935BB8 /* TransformControlsViewController.swift */; };
/* End PBXBuildFile section */

/* Begin PBXContainerItemProxy section */
		361BECF6199CFD6A00935BB8 /* PBXContainerItemProxy */ = {
			isa = PBXContainerItemProxy;
			containerPortal = 361BECDB199CFD6A00935BB8 /* Project object */;
			proxyType = 1;
			remoteGlobalIDString = 361BECE2199CFD6A00935BB8;
			remoteInfo = CtrlEffect;
		};
/* End PBXContainerItemProxy section */

/* Begin PBXFileReference section */
		361BECE3199CFD6A00935BB8 /* CtrlEffect.app */ = {isa = PBXFileReference; explicitFileType = wrapper.application; includeInIndex = 0; path = CtrlEffect.app; sourceTree = BUILT_PRODUCTS_DIR; };
		361BECE7199CFD6A00935BB8 /* Info.plist */ = {isa = PBXFileReference; lastKnownFileType = text.plist.xml; path = Info.plist; sourceTree = "<group>"; };
		361BECE8199CFD6A00935BB8 /* AppDelegate.swift */ = {isa = PBXFileReference; lastKnownFileType = sourcecode.swift; path = AppDelegate.swift; sourceTree = "<group>"; };
		361BECEA199CFD6A00935BB8 /* ViewController.swift */ = {isa = PBXFileReference; lastKnownFileType = sourcecode.swift; path = ViewController.swift; sourceTree = "<group>"; };
		361BECED199CFD6A00935BB8 /* Base */ = {isa = PBXFileReference; lastKnownFileType = file.storyboard; name = Base; path = Base.lproj/Main.storyboard; sourceTree = "<group>"; };
		361BECEF199CFD6A00935BB8 /* Images.xcassets */ = {isa = PBXFileReference; lastKnownFileType = folder.assetcatalog; path = Images.xcassets; sourceTree = "<group>"; };
		361BECF5199CFD6A00935BB8 /* CtrlEffectTests.xctest */ = {isa = PBXFileReference; explicitFileType = wrapper.cfbundle; includeInIndex = 0; path = CtrlEffectTests.xctest; sourceTree = BUILT_PRODUCTS_DIR; };
		361BECFA199CFD6A00935BB8 /* Info.plist */ = {isa = PBXFileReference; lastKnownFileType = text.plist.xml; path = Info.plist; sourceTree = "<group>"; };
		361BECFB199CFD6A00935BB8 /* CtrlEffectTests.swift */ = {isa = PBXFileReference; lastKnownFileType = sourcecode.swift; path = CtrlEffectTests.swift; sourceTree = "<group>"; };
		361BED05199D012700935BB8 /* TransformControlsViewController.swift */ = {isa = PBXFileReference; fileEncoding = 4; lastKnownFileType = sourcecode.swift; path = TransformControlsViewController.swift; sourceTree = "<group>"; };
/* End PBXFileReference section */

/* Begin PBXFrameworksBuildPhase section */
		361BECE0199CFD6A00935BB8 /* Frameworks */ = {
			isa = PBXFrameworksBuildPhase;
			buildActionMask = 2147483647;
			files = (
			);
			runOnlyForDeploymentPostprocessing = 0;
		};
		361BECF2199CFD6A00935BB8 /* Frameworks */ = {
			isa = PBXFrameworksBuildPhase;
			buildActionMask = 2147483647;
			files = (
			);
			runOnlyForDeploymentPostprocessing = 0;
		};
/* End PBXFrameworksBuildPhase section */

/* Begin PBXGroup section */
		361BECDA199CFD6A00935BB8 = {
			isa = PBXGroup;
			children = (
				361BECE5199CFD6A00935BB8 /* CtrlEffect */,
				361BECF8199CFD6A00935BB8 /* CtrlEffectTests */,
				361BECE4199CFD6A00935BB8 /* Products */,
			);
			sourceTree = "<group>";
		};
		361BECE4199CFD6A00935BB8 /* Products */ = {
			isa = PBXGroup;
			children = (
				361BECE3199CFD6A00935BB8 /* CtrlEffect.app */,
				361BECF5199CFD6A00935BB8 /* CtrlEffectTests.xctest */,
			);
			name = Products;
			sourceTree = "<group>";
		};
		361BECE5199CFD6A00935BB8 /* CtrlEffect */ = {
			isa = PBXGroup;
			children = (
				361BECE8199CFD6A00935BB8 /* AppDelegate.swift */,
				361BED05199D012700935BB8 /* TransformControlsViewController.swift */,
				361BECEA199CFD6A00935BB8 /* ViewController.swift */,
				361BECEC199CFD6A00935BB8 /* Main.storyboard */,
				361BECEF199CFD6A00935BB8 /* Images.xcassets */,
				361BECE6199CFD6A00935BB8 /* Supporting Files */,
			);
			path = CtrlEffect;
			sourceTree = "<group>";
		};
		361BECE6199CFD6A00935BB8 /* Supporting Files */ = {
			isa = PBXGroup;
			children = (
				361BECE7199CFD6A00935BB8 /* Info.plist */,
			);
			name = "Supporting Files";
			sourceTree = "<group>";
		};
		361BECF8199CFD6A00935BB8 /* CtrlEffectTests */ = {
			isa = PBXGroup;
			children = (
				361BECFB199CFD6A00935BB8 /* CtrlEffectTests.swift */,
				361BECF9199CFD6A00935BB8 /* Supporting Files */,
			);
			path = CtrlEffectTests;
			sourceTree = "<group>";
		};
		361BECF9199CFD6A00935BB8 /* Supporting Files */ = {
			isa = PBXGroup;
			children = (
				361BECFA199CFD6A00935BB8 /* Info.plist */,
			);
			name = "Supporting Files";
			sourceTree = "<group>";
		};
/* End PBXGroup section */

/* Begin PBXNativeTarget section */
		361BECE2199CFD6A00935BB8 /* CtrlEffect */ = {
			isa = PBXNativeTarget;
			buildConfigurationList = 361BECFF199CFD6A00935BB8 /* Build configuration list for PBXNativeTarget "CtrlEffect" */;
			buildPhases = (
				361BECDF199CFD6A00935BB8 /* Sources */,
				361BECE0199CFD6A00935BB8 /* Frameworks */,
				361BECE1199CFD6A00935BB8 /* Resources */,
			);
			buildRules = (
			);
			dependencies = (
			);
			name = CtrlEffect;
			productName = CtrlEffect;
			productReference = 361BECE3199CFD6A00935BB8 /* CtrlEffect.app */;
			productType = "com.apple.product-type.application";
		};
		361BECF4199CFD6A00935BB8 /* CtrlEffectTests */ = {
			isa = PBXNativeTarget;
			buildConfigurationList = 361BED02199CFD6A00935BB8 /* Build configuration list for PBXNativeTarget "CtrlEffectTests" */;
			buildPhases = (
				361BECF1199CFD6A00935BB8 /* Sources */,
				361BECF2199CFD6A00935BB8 /* Frameworks */,
				361BECF3199CFD6A00935BB8 /* Resources */,
			);
			buildRules = (
			);
			dependencies = (
				361BECF7199CFD6A00935BB8 /* PBXTargetDependency */,
			);
			name = CtrlEffectTests;
			productName = CtrlEffectTests;
			productReference = 361BECF5199CFD6A00935BB8 /* CtrlEffectTests.xctest */;
			productType = "com.apple.product-type.bundle.unit-test";
		};
/* End PBXNativeTarget section */

/* Begin PBXProject section */
		361BECDB199CFD6A00935BB8 /* Project object */ = {
			isa = PBXProject;
			attributes = {
				LastUpgradeCheck = 0600;
				ORGANIZATIONNAME = Chain;
				TargetAttributes = {
					361BECE2199CFD6A00935BB8 = {
						CreatedOnToolsVersion = 6.0;
					};
					361BECF4199CFD6A00935BB8 = {
						CreatedOnToolsVersion = 6.0;
						TestTargetID = 361BECE2199CFD6A00935BB8;
					};
				};
			};
			buildConfigurationList = 361BECDE199CFD6A00935BB8 /* Build configuration list for PBXProject "CtrlEffect" */;
			compatibilityVersion = "Xcode 3.2";
			developmentRegion = English;
			hasScannedForEncodings = 0;
			knownRegions = (
				en,
				Base,
			);
			mainGroup = 361BECDA199CFD6A00935BB8;
			productRefGroup = 361BECE4199CFD6A00935BB8 /* Products */;
			projectDirPath = "";
			projectRoot = "";
			targets = (
				361BECE2199CFD6A00935BB8 /* CtrlEffect */,
				361BECF4199CFD6A00935BB8 /* CtrlEffectTests */,
			);
		};
/* End PBXProject section */

/* Begin PBXResourcesBuildPhase section */
		361BECE1199CFD6A00935BB8 /* Resources */ = {
			isa = PBXResourcesBuildPhase;
			buildActionMask = 2147483647;
			files = (
				361BECEE199CFD6A00935BB8 /* Main.storyboard in Resources */,
				361BECF0199CFD6A00935BB8 /* Images.xcassets in Resources */,
			);
			runOnlyForDeploymentPostprocessing = 0;
		};
		361BECF3199CFD6A00935BB8 /* Resources */ = {
			isa = PBXResourcesBuildPhase;
			buildActionMask = 2147483647;
			files = (
			);
			runOnlyForDeploymentPostprocessing = 0;
		};
/* End PBXResourcesBuildPhase section */

/* Begin PBXSourcesBuildPhase section */
		361BECDF199CFD6A00935BB8 /* Sources */ = {
			isa = PBXSourcesBuildPhase;
			buildActionMask = 2147483647;
			files = (
				361BECEB199CFD6A00935BB8 /* ViewController.swift in Sources */,
				361BED06199D012700935BB8 /* TransformControlsViewController.swift in Sources */,
				361BECE9199CFD6A00935BB8 /* AppDelegate.swift in Sources */,
			);
			runOnlyForDeploymentPostprocessing = 0;
		};
		361BECF1199CFD6A00935BB8 /* Sources */ = {
			isa = PBXSourcesBuildPhase;
			buildActionMask = 2147483647;
			files = (
				361BECFC199CFD6A00935BB8 /* CtrlEffectTests.swift in Sources */,
			);
			runOnlyForDeploymentPostprocessing = 0;
		};
/* End PBXSourcesBuildPhase section */

/* Begin PBXTargetDependency section */
		361BECF7199CFD6A00935BB8 /* PBXTargetDependency */ = {
			isa = PBXTargetDependency;
			target = 361BECE2199CFD6A00935BB8 /* CtrlEffect */;
			targetProxy = 361BECF6199CFD6A00935BB8 /* PBXContainerItemProxy */;
		};
/* End PBXTargetDependency section */

/* Begin PBXVariantGroup section */
		361BECEC199CFD6A00935BB8 /* Main.storyboard */ = {
			isa = PBXVariantGroup;
			children = (
				361BECED199CFD6A00935BB8 /* Base */,
			);
			name = Main.storyboard;
			sourceTree = "<group>";
		};
/* End PBXVariantGroup section */

/* Begin XCBuildConfiguration section */
		361BECFD199CFD6A00935BB8 /* Debug */ = {
			isa = XCBuildConfiguration;
			buildSettings = {
				ALWAYS_SEARCH_USER_PATHS = NO;
				CLANG_CXX_LANGUAGE_STANDARD = "gnu++0x";
				CLANG_CXX_LIBRARY = "libc++";
				CLANG_ENABLE_MODULES = YES;
				CLANG_ENABLE_OBJC_ARC = YES;
				CLANG_WARN_BOOL_CONVERSION = YES;
				CLANG_WARN_CONSTANT_CONVERSION = YES;
				CLANG_WARN_DIRECT_OBJC_ISA_USAGE = YES_ERROR;
				CLANG_WARN_EMPTY_BODY = YES;
				CLANG_WARN_ENUM_CONVERSION = YES;
				CLANG_WARN_INT_CONVERSION = YES;
				CLANG_WARN_OBJC_ROOT_CLASS = YES_ERROR;
				CLANG_WARN_UNREACHABLE_CODE = YES;
				CLANG_WARN__DUPLICATE_METHOD_MATCH = YES;
				"CODE_SIGN_IDENTITY[sdk=iphoneos*]" = "iPhone Developer";
				COPY_PHASE_STRIP = NO;
				ENABLE_STRICT_OBJC_MSGSEND = YES;
				GCC_C_LANGUAGE_STANDARD = gnu99;
				GCC_DYNAMIC_NO_PIC = NO;
				GCC_OPTIMIZATION_LEVEL = 0;
				GCC_PREPROCESSOR_DEFINITIONS = (
					"DEBUG=1",
					"$(inherited)",
				);
				GCC_SYMBOLS_PRIVATE_EXTERN = NO;
				GCC_WARN_64_TO_32_BIT_CONVERSION = YES;
				GCC_WARN_ABOUT_RETURN_TYPE = YES_ERROR;
				GCC_WARN_UNDECLARED_SELECTOR = YES;
				GCC_WARN_UNINITIALIZED_AUTOS = YES_AGGRESSIVE;
				GCC_WARN_UNUSED_FUNCTION = YES;
				GCC_WARN_UNUSED_VARIABLE = YES;
				IPHONEOS_DEPLOYMENT_TARGET = 8.0;
				MTL_ENABLE_DEBUG_INFO = YES;
				ONLY_ACTIVE_ARCH = YES;
				SDKROOT = iphoneos;
				SWIFT_OPTIMIZATION_LEVEL = "-Onone";
				TARGETED_DEVICE_FAMILY = "1,2";
			};
			name = Debug;
		};
		361BECFE199CFD6A00935BB8 /* Release */ = {
			isa = XCBuildConfiguration;
			buildSettings = {
				ALWAYS_SEARCH_USER_PATHS = NO;
				CLANG_CXX_LANGUAGE_STANDARD = "gnu++0x";
				CLANG_CXX_LIBRARY = "libc++";
				CLANG_ENABLE_MODULES = YES;
				CLANG_ENABLE_OBJC_ARC = YES;
				CLANG_WARN_BOOL_CONVERSION = YES;
				CLANG_WARN_CONSTANT_CONVERSION = YES;
				CLANG_WARN_DIRECT_OBJC_ISA_USAGE = YES_ERROR;
				CLANG_WARN_EMPTY_BODY = YES;
				CLANG_WARN_ENUM_CONVERSION = YES;
				CLANG_WARN_INT_CONVERSION = YES;
				CLANG_WARN_OBJC_ROOT_CLASS = YES_ERROR;
				CLANG_WARN_UNREACHABLE_CODE = YES;
				CLANG_WARN__DUPLICATE_METHOD_MATCH = YES;
				"CODE_SIGN_IDENTITY[sdk=iphoneos*]" = "iPhone Developer";
				COPY_PHASE_STRIP = YES;
				ENABLE_NS_ASSERTIONS = NO;
				ENABLE_STRICT_OBJC_MSGSEND = YES;
				GCC_C_LANGUAGE_STANDARD = gnu99;
				GCC_WARN_64_TO_32_BIT_CONVERSION = YES;
				GCC_WARN_ABOUT_RETURN_TYPE = YES_ERROR;
				GCC_WARN_UNDECLARED_SELECTOR = YES;
				GCC_WARN_UNINITIALIZED_AUTOS = YES_AGGRESSIVE;
				GCC_WARN_UNUSED_FUNCTION = YES;
				GCC_WARN_UNUSED_VARIABLE = YES;
				IPHONEOS_DEPLOYMENT_TARGET = 8.0;
				MTL_ENABLE_DEBUG_INFO = NO;
				SDKROOT = iphoneos;
				TARGETED_DEVICE_FAMILY = "1,2";
				VALIDATE_PRODUCT = YES;
			};
			name = Release;
		};
		361BED00199CFD6A00935BB8 /* Debug */ = {
			isa = XCBuildConfiguration;
			buildSettings = {
				ASSETCATALOG_COMPILER_APPICON_NAME = AppIcon;
				ASSETCATALOG_COMPILER_LAUNCHIMAGE_NAME = LaunchImage;
				INFOPLIST_FILE = CtrlEffect/Info.plist;
				LD_RUNPATH_SEARCH_PATHS = "$(inherited) @executable_path/Frameworks";
				PRODUCT_NAME = "$(TARGET_NAME)";
			};
			name = Debug;
		};
		361BED01199CFD6A00935BB8 /* Release */ = {
			isa = XCBuildConfiguration;
			buildSettings = {
				ASSETCATALOG_COMPILER_APPICON_NAME = AppIcon;
				ASSETCATALOG_COMPILER_LAUNCHIMAGE_NAME = LaunchImage;
				INFOPLIST_FILE = CtrlEffect/Info.plist;
				LD_RUNPATH_SEARCH_PATHS = "$(inherited) @executable_path/Frameworks";
				PRODUCT_NAME = "$(TARGET_NAME)";
			};
			name = Release;
		};
		361BED03199CFD6A00935BB8 /* Debug */ = {
			isa = XCBuildConfiguration;
			buildSettings = {
				BUNDLE_LOADER = "$(BUILT_PRODUCTS_DIR)/CtrlEffect.app/CtrlEffect";
				FRAMEWORK_SEARCH_PATHS = (
					"$(SDKROOT)/Developer/Library/Frameworks",
					"$(inherited)",
				);
				GCC_PREPROCESSOR_DEFINITIONS = (
					"DEBUG=1",
					"$(inherited)",
				);
				INFOPLIST_FILE = CtrlEffectTests/Info.plist;
				LD_RUNPATH_SEARCH_PATHS = "$(inherited) @executable_path/Frameworks @loader_path/Frameworks";
				PRODUCT_NAME = "$(TARGET_NAME)";
				TEST_HOST = "$(BUNDLE_LOADER)";
			};
			name = Debug;
		};
		361BED04199CFD6A00935BB8 /* Release */ = {
			isa = XCBuildConfiguration;
			buildSettings = {
				BUNDLE_LOADER = "$(BUILT_PRODUCTS_DIR)/CtrlEffect.app/CtrlEffect";
				FRAMEWORK_SEARCH_PATHS = (
					"$(SDKROOT)/Developer/Library/Frameworks",
					"$(inherited)",
				);
				INFOPLIST_FILE = CtrlEffectTests/Info.plist;
				LD_RUNPATH_SEARCH_PATHS = "$(inherited) @executable_path/Frameworks @loader_path/Frameworks";
				PRODUCT_NAME = "$(TARGET_NAME)";
				TEST_HOST = "$(BUNDLE_LOADER)";
			};
			name = Release;
		};
/* End XCBuildConfiguration section */

/* Begin XCConfigurationList section */
		361BECDE199CFD6A00935BB8 /* Build configuration list for PBXProject "CtrlEffect" */ = {
			isa = XCConfigurationList;
			buildConfigurations = (
				361BECFD199CFD6A00935BB8 /* Debug */,
				361BECFE199CFD6A00935BB8 /* Release */,
			);
			defaultConfigurationIsVisible = 0;
			defaultConfigurationName = Release;
		};
		361BECFF199CFD6A00935BB8 /* Build configuration list for PBXNativeTarget "CtrlEffect" */ = {
			isa = XCConfigurationList;
			buildConfigurations = (
				361BED00199CFD6A00935BB8 /* Debug */,
				361BED01199CFD6A00935BB8 /* Release */,
			);
			defaultConfigurationIsVisible = 0;
		};
		361BED02199CFD6A00935BB8 /* Build configuration list for PBXNativeTarget "CtrlEffectTests" */ = {
			isa = XCConfigurationList;
			buildConfigurations = (
				361BED03199CFD6A00935BB8 /* Debug */,
				361BED04199CFD6A00935BB8 /* Release */,
			);
			defaultConfigurationIsVisible = 0;
		};
/* End XCConfigurationList section */
	};
	rootObject = 361BECDB199CFD6A00935BB8 /* Project object */;
}
