// !$*UTF8*$!
{
	archiveVersion = 1;
	classes = {
	};
	objectVersion = 46;
	objects = {

/* Begin PBXBuildFile section */
		360A737B19570345000C9C0D /* Hypno.png in Resources */ = {isa = PBXBuildFile; fileRef = 360A737719570345000C9C0D /* Hypno.png */; };
		360A737C19570345000C9C0D /* Hypno@2x.png in Resources */ = {isa = PBXBuildFile; fileRef = 360A737819570345000C9C0D /* Hypno@2x.png */; };
		360A737D19570345000C9C0D /* Time.png in Resources */ = {isa = PBXBuildFile; fileRef = 360A737919570345000C9C0D /* Time.png */; };
		360A737E19570345000C9C0D /* Time@2x.png in Resources */ = {isa = PBXBuildFile; fileRef = 360A737A19570345000C9C0D /* Time@2x.png */; };
		360A738219584988000C9C0D /* TimeViewController.swift in Sources */ = {isa = PBXBuildFile; fileRef = 360A738119584988000C9C0D /* TimeViewController.swift */; };
		360A7385195849AA000C9C0D /* HypnosisView.xib in Resources */ = {isa = PBXBuildFile; fileRef = 360A7383195849AA000C9C0D /* HypnosisView.xib */; };
		360A7386195849AA000C9C0D /* TimeView.xib in Resources */ = {isa = PBXBuildFile; fileRef = 360A7384195849AA000C9C0D /* TimeView.xib */; };
		36A66CF51955DA7A00E9D405 /* AppDelegate.swift in Sources */ = {isa = PBXBuildFile; fileRef = 36A66CF41955DA7A00E9D405 /* AppDelegate.swift */; };
		36A66CF71955DA7A00E9D405 /* Images.xcassets in Resources */ = {isa = PBXBuildFile; fileRef = 36A66CF61955DA7A00E9D405 /* Images.xcassets */; };
		36A66D031955DA7A00E9D405 /* HypnoTimeTests.swift in Sources */ = {isa = PBXBuildFile; fileRef = 36A66D021955DA7A00E9D405 /* HypnoTimeTests.swift */; };
		36A66D0F1955DB3E00E9D405 /* HypnosisView.swift in Sources */ = {isa = PBXBuildFile; fileRef = 36A66D0E1955DB3E00E9D405 /* HypnosisView.swift */; };
		36A66D111955DB4A00E9D405 /* HypnosisViewController.swift in Sources */ = {isa = PBXBuildFile; fileRef = 36A66D101955DB4A00E9D405 /* HypnosisViewController.swift */; };
/* End PBXBuildFile section */

/* Begin PBXContainerItemProxy section */
		36A66CFD1955DA7A00E9D405 /* PBXContainerItemProxy */ = {
			isa = PBXContainerItemProxy;
			containerPortal = 36A66CE71955DA7A00E9D405 /* Project object */;
			proxyType = 1;
			remoteGlobalIDString = 36A66CEE1955DA7A00E9D405;
			remoteInfo = HypnoTime;
		};
/* End PBXContainerItemProxy section */

/* Begin PBXFileReference section */
		360A737719570345000C9C0D /* Hypno.png */ = {isa = PBXFileReference; lastKnownFileType = image.png; name = Hypno.png; path = image/Hypno.png; sourceTree = "<group>"; };
		360A737819570345000C9C0D /* Hypno@2x.png */ = {isa = PBXFileReference; lastKnownFileType = image.png; name = "Hypno@2x.png"; path = "image/Hypno@2x.png"; sourceTree = "<group>"; };
		360A737919570345000C9C0D /* Time.png */ = {isa = PBXFileReference; lastKnownFileType = image.png; name = Time.png; path = image/Time.png; sourceTree = "<group>"; };
		360A737A19570345000C9C0D /* Time@2x.png */ = {isa = PBXFileReference; lastKnownFileType = image.png; name = "Time@2x.png"; path = "image/Time@2x.png"; sourceTree = "<group>"; };
		360A738119584988000C9C0D /* TimeViewController.swift */ = {isa = PBXFileReference; fileEncoding = 4; lastKnownFileType = sourcecode.swift; name = TimeViewController.swift; path = Controller/TimeViewController.swift; sourceTree = "<group>"; };
		360A7383195849AA000C9C0D /* HypnosisView.xib */ = {isa = PBXFileReference; fileEncoding = 4; lastKnownFileType = file.xib; name = HypnosisView.xib; path = View/HypnosisView.xib; sourceTree = "<group>"; };
		360A7384195849AA000C9C0D /* TimeView.xib */ = {isa = PBXFileReference; fileEncoding = 4; lastKnownFileType = file.xib; name = TimeView.xib; path = View/TimeView.xib; sourceTree = "<group>"; };
		36A66CEF1955DA7A00E9D405 /* HypnoTime.app */ = {isa = PBXFileReference; explicitFileType = wrapper.application; includeInIndex = 0; path = HypnoTime.app; sourceTree = BUILT_PRODUCTS_DIR; };
		36A66CF31955DA7A00E9D405 /* Info.plist */ = {isa = PBXFileReference; lastKnownFileType = text.plist.xml; path = Info.plist; sourceTree = "<group>"; };
		36A66CF41955DA7A00E9D405 /* AppDelegate.swift */ = {isa = PBXFileReference; lastKnownFileType = sourcecode.swift; path = AppDelegate.swift; sourceTree = "<group>"; };
		36A66CF61955DA7A00E9D405 /* Images.xcassets */ = {isa = PBXFileReference; lastKnownFileType = folder.assetcatalog; path = Images.xcassets; sourceTree = "<group>"; };
		36A66CFC1955DA7A00E9D405 /* HypnoTimeTests.xctest */ = {isa = PBXFileReference; explicitFileType = wrapper.cfbundle; includeInIndex = 0; path = HypnoTimeTests.xctest; sourceTree = BUILT_PRODUCTS_DIR; };
		36A66D011955DA7A00E9D405 /* Info.plist */ = {isa = PBXFileReference; lastKnownFileType = text.plist.xml; path = Info.plist; sourceTree = "<group>"; };
		36A66D021955DA7A00E9D405 /* HypnoTimeTests.swift */ = {isa = PBXFileReference; lastKnownFileType = sourcecode.swift; path = HypnoTimeTests.swift; sourceTree = "<group>"; };
		36A66D0E1955DB3E00E9D405 /* HypnosisView.swift */ = {isa = PBXFileReference; fileEncoding = 4; lastKnownFileType = sourcecode.swift; name = HypnosisView.swift; path = View/HypnosisView.swift; sourceTree = "<group>"; };
		36A66D101955DB4A00E9D405 /* HypnosisViewController.swift */ = {isa = PBXFileReference; fileEncoding = 4; lastKnownFileType = sourcecode.swift; name = HypnosisViewController.swift; path = Controller/HypnosisViewController.swift; sourceTree = "<group>"; };
/* End PBXFileReference section */

/* Begin PBXFrameworksBuildPhase section */
		36A66CEC1955DA7A00E9D405 /* Frameworks */ = {
			isa = PBXFrameworksBuildPhase;
			buildActionMask = 2147483647;
			files = (
			);
			runOnlyForDeploymentPostprocessing = 0;
		};
		36A66CF91955DA7A00E9D405 /* Frameworks */ = {
			isa = PBXFrameworksBuildPhase;
			buildActionMask = 2147483647;
			files = (
			);
			runOnlyForDeploymentPostprocessing = 0;
		};
/* End PBXFrameworksBuildPhase section */

/* Begin PBXGroup section */
		360A737619570309000C9C0D /* image */ = {
			isa = PBXGroup;
			children = (
				360A737719570345000C9C0D /* Hypno.png */,
				360A737819570345000C9C0D /* Hypno@2x.png */,
				360A737919570345000C9C0D /* Time.png */,
				360A737A19570345000C9C0D /* Time@2x.png */,
			);
			name = image;
			sourceTree = "<group>";
		};
		36A66CE61955DA7A00E9D405 = {
			isa = PBXGroup;
			children = (
				36A66CF11955DA7A00E9D405 /* HypnoTime */,
				36A66CFF1955DA7A00E9D405 /* HypnoTimeTests */,
				36A66CF01955DA7A00E9D405 /* Products */,
			);
			sourceTree = "<group>";
		};
		36A66CF01955DA7A00E9D405 /* Products */ = {
			isa = PBXGroup;
			children = (
				36A66CEF1955DA7A00E9D405 /* HypnoTime.app */,
				36A66CFC1955DA7A00E9D405 /* HypnoTimeTests.xctest */,
			);
			name = Products;
			sourceTree = "<group>";
		};
		36A66CF11955DA7A00E9D405 /* HypnoTime */ = {
			isa = PBXGroup;
			children = (
				36A66D0C1955DB1900E9D405 /* View */,
				36A66D0D1955DB1F00E9D405 /* Controller */,
				36A66CF41955DA7A00E9D405 /* AppDelegate.swift */,
				360A737619570309000C9C0D /* image */,
				36A66CF61955DA7A00E9D405 /* Images.xcassets */,
				36A66CF21955DA7A00E9D405 /* Supporting Files */,
			);
			path = HypnoTime;
			sourceTree = "<group>";
		};
		36A66CF21955DA7A00E9D405 /* Supporting Files */ = {
			isa = PBXGroup;
			children = (
				36A66CF31955DA7A00E9D405 /* Info.plist */,
			);
			name = "Supporting Files";
			sourceTree = "<group>";
		};
		36A66CFF1955DA7A00E9D405 /* HypnoTimeTests */ = {
			isa = PBXGroup;
			children = (
				36A66D021955DA7A00E9D405 /* HypnoTimeTests.swift */,
				36A66D001955DA7A00E9D405 /* Supporting Files */,
			);
			path = HypnoTimeTests;
			sourceTree = "<group>";
		};
		36A66D001955DA7A00E9D405 /* Supporting Files */ = {
			isa = PBXGroup;
			children = (
				36A66D011955DA7A00E9D405 /* Info.plist */,
			);
			name = "Supporting Files";
			sourceTree = "<group>";
		};
		36A66D0C1955DB1900E9D405 /* View */ = {
			isa = PBXGroup;
			children = (
				360A7384195849AA000C9C0D /* TimeView.xib */,
				360A7383195849AA000C9C0D /* HypnosisView.xib */,
				36A66D0E1955DB3E00E9D405 /* HypnosisView.swift */,
			);
			name = View;
			sourceTree = "<group>";
		};
		36A66D0D1955DB1F00E9D405 /* Controller */ = {
			isa = PBXGroup;
			children = (
				360A738119584988000C9C0D /* TimeViewController.swift */,
				36A66D101955DB4A00E9D405 /* HypnosisViewController.swift */,
			);
			name = Controller;
			sourceTree = "<group>";
		};
/* End PBXGroup section */

/* Begin PBXNativeTarget section */
		36A66CEE1955DA7A00E9D405 /* HypnoTime */ = {
			isa = PBXNativeTarget;
			buildConfigurationList = 36A66D061955DA7A00E9D405 /* Build configuration list for PBXNativeTarget "HypnoTime" */;
			buildPhases = (
				36A66CEB1955DA7A00E9D405 /* Sources */,
				36A66CEC1955DA7A00E9D405 /* Frameworks */,
				36A66CED1955DA7A00E9D405 /* Resources */,
			);
			buildRules = (
			);
			dependencies = (
			);
			name = HypnoTime;
			productName = HypnoTime;
			productReference = 36A66CEF1955DA7A00E9D405 /* HypnoTime.app */;
			productType = "com.apple.product-type.application";
		};
		36A66CFB1955DA7A00E9D405 /* HypnoTimeTests */ = {
			isa = PBXNativeTarget;
			buildConfigurationList = 36A66D091955DA7A00E9D405 /* Build configuration list for PBXNativeTarget "HypnoTimeTests" */;
			buildPhases = (
				36A66CF81955DA7A00E9D405 /* Sources */,
				36A66CF91955DA7A00E9D405 /* Frameworks */,
				36A66CFA1955DA7A00E9D405 /* Resources */,
			);
			buildRules = (
			);
			dependencies = (
				36A66CFE1955DA7A00E9D405 /* PBXTargetDependency */,
			);
			name = HypnoTimeTests;
			productName = HypnoTimeTests;
			productReference = 36A66CFC1955DA7A00E9D405 /* HypnoTimeTests.xctest */;
			productType = "com.apple.product-type.bundle.unit-test";
		};
/* End PBXNativeTarget section */

/* Begin PBXProject section */
		36A66CE71955DA7A00E9D405 /* Project object */ = {
			isa = PBXProject;
			attributes = {
				LastUpgradeCheck = 0600;
				ORGANIZATIONNAME = chain;
				TargetAttributes = {
					36A66CEE1955DA7A00E9D405 = {
						CreatedOnToolsVersion = 6.0;
					};
					36A66CFB1955DA7A00E9D405 = {
						CreatedOnToolsVersion = 6.0;
						TestTargetID = 36A66CEE1955DA7A00E9D405;
					};
				};
			};
			buildConfigurationList = 36A66CEA1955DA7A00E9D405 /* Build configuration list for PBXProject "HypnoTime" */;
			compatibilityVersion = "Xcode 3.2";
			developmentRegion = English;
			hasScannedForEncodings = 0;
			knownRegions = (
				en,
			);
			mainGroup = 36A66CE61955DA7A00E9D405;
			productRefGroup = 36A66CF01955DA7A00E9D405 /* Products */;
			projectDirPath = "";
			projectRoot = "";
			targets = (
				36A66CEE1955DA7A00E9D405 /* HypnoTime */,
				36A66CFB1955DA7A00E9D405 /* HypnoTimeTests */,
			);
		};
/* End PBXProject section */

/* Begin PBXResourcesBuildPhase section */
		36A66CED1955DA7A00E9D405 /* Resources */ = {
			isa = PBXResourcesBuildPhase;
			buildActionMask = 2147483647;
			files = (
				360A7386195849AA000C9C0D /* TimeView.xib in Resources */,
				36A66CF71955DA7A00E9D405 /* Images.xcassets in Resources */,
				360A737E19570345000C9C0D /* Time@2x.png in Resources */,
				360A737D19570345000C9C0D /* Time.png in Resources */,
				360A737B19570345000C9C0D /* Hypno.png in Resources */,
				360A737C19570345000C9C0D /* Hypno@2x.png in Resources */,
				360A7385195849AA000C9C0D /* HypnosisView.xib in Resources */,
			);
			runOnlyForDeploymentPostprocessing = 0;
		};
		36A66CFA1955DA7A00E9D405 /* Resources */ = {
			isa = PBXResourcesBuildPhase;
			buildActionMask = 2147483647;
			files = (
			);
			runOnlyForDeploymentPostprocessing = 0;
		};
/* End PBXResourcesBuildPhase section */

/* Begin PBXSourcesBuildPhase section */
		36A66CEB1955DA7A00E9D405 /* Sources */ = {
			isa = PBXSourcesBuildPhase;
			buildActionMask = 2147483647;
			files = (
				36A66D111955DB4A00E9D405 /* HypnosisViewController.swift in Sources */,
				360A738219584988000C9C0D /* TimeViewController.swift in Sources */,
				36A66CF51955DA7A00E9D405 /* AppDelegate.swift in Sources */,
				36A66D0F1955DB3E00E9D405 /* HypnosisView.swift in Sources */,
			);
			runOnlyForDeploymentPostprocessing = 0;
		};
		36A66CF81955DA7A00E9D405 /* Sources */ = {
			isa = PBXSourcesBuildPhase;
			buildActionMask = 2147483647;
			files = (
				36A66D031955DA7A00E9D405 /* HypnoTimeTests.swift in Sources */,
			);
			runOnlyForDeploymentPostprocessing = 0;
		};
/* End PBXSourcesBuildPhase section */

/* Begin PBXTargetDependency section */
		36A66CFE1955DA7A00E9D405 /* PBXTargetDependency */ = {
			isa = PBXTargetDependency;
			target = 36A66CEE1955DA7A00E9D405 /* HypnoTime */;
			targetProxy = 36A66CFD1955DA7A00E9D405 /* PBXContainerItemProxy */;
		};
/* End PBXTargetDependency section */

/* Begin XCBuildConfiguration section */
		36A66D041955DA7A00E9D405 /* Debug */ = {
			isa = XCBuildConfiguration;
			buildSettings = {
				ALWAYS_SEARCH_USER_PATHS = NO;
				CLANG_CXX_LANGUAGE_STANDARD = "gnu++0x";
				CLANG_CXX_LIBRARY = "libc++";
				CLANG_ENABLE_MODULES = YES;
				CLANG_ENABLE_OBJC_ARC = YES;
				CLANG_WARN_BOOL_CONVERSION = YES;
				CLANG_WARN_CONSTANT_CONVERSION = YES;
				CLANG_WARN_DIRECT_OBJC_ISA_USAGE = YES_ERROR;
				CLANG_WARN_EMPTY_BODY = YES;
				CLANG_WARN_ENUM_CONVERSION = YES;
				CLANG_WARN_INT_CONVERSION = YES;
				CLANG_WARN_OBJC_ROOT_CLASS = YES_ERROR;
				CLANG_WARN_UNREACHABLE_CODE = YES;
				CLANG_WARN__DUPLICATE_METHOD_MATCH = YES;
				"CODE_SIGN_IDENTITY[sdk=iphoneos*]" = "iPhone Developer";
				COPY_PHASE_STRIP = NO;
				ENABLE_STRICT_OBJC_MSGSEND = YES;
				GCC_C_LANGUAGE_STANDARD = gnu99;
				GCC_DYNAMIC_NO_PIC = NO;
				GCC_OPTIMIZATION_LEVEL = 0;
				GCC_PREPROCESSOR_DEFINITIONS = (
					"DEBUG=1",
					"$(inherited)",
				);
				GCC_SYMBOLS_PRIVATE_EXTERN = NO;
				GCC_WARN_64_TO_32_BIT_CONVERSION = YES;
				GCC_WARN_ABOUT_RETURN_TYPE = YES_ERROR;
				GCC_WARN_UNDECLARED_SELECTOR = YES;
				GCC_WARN_UNINITIALIZED_AUTOS = YES_AGGRESSIVE;
				GCC_WARN_UNUSED_FUNCTION = YES;
				GCC_WARN_UNUSED_VARIABLE = YES;
				IPHONEOS_DEPLOYMENT_TARGET = 8.0;
				METAL_ENABLE_DEBUG_INFO = YES;
				ONLY_ACTIVE_ARCH = YES;
				SDKROOT = iphoneos;
				SWIFT_OPTIMIZATION_LEVEL = "-Onone";
			};
			name = Debug;
		};
		36A66D051955DA7A00E9D405 /* Release */ = {
			isa = XCBuildConfiguration;
			buildSettings = {
				ALWAYS_SEARCH_USER_PATHS = NO;
				CLANG_CXX_LANGUAGE_STANDARD = "gnu++0x";
				CLANG_CXX_LIBRARY = "libc++";
				CLANG_ENABLE_MODULES = YES;
				CLANG_ENABLE_OBJC_ARC = YES;
				CLANG_WARN_BOOL_CONVERSION = YES;
				CLANG_WARN_CONSTANT_CONVERSION = YES;
				CLANG_WARN_DIRECT_OBJC_ISA_USAGE = YES_ERROR;
				CLANG_WARN_EMPTY_BODY = YES;
				CLANG_WARN_ENUM_CONVERSION = YES;
				CLANG_WARN_INT_CONVERSION = YES;
				CLANG_WARN_OBJC_ROOT_CLASS = YES_ERROR;
				CLANG_WARN_UNREACHABLE_CODE = YES;
				CLANG_WARN__DUPLICATE_METHOD_MATCH = YES;
				"CODE_SIGN_IDENTITY[sdk=iphoneos*]" = "iPhone Developer";
				COPY_PHASE_STRIP = YES;
				ENABLE_NS_ASSERTIONS = NO;
				ENABLE_STRICT_OBJC_MSGSEND = YES;
				GCC_C_LANGUAGE_STANDARD = gnu99;
				GCC_WARN_64_TO_32_BIT_CONVERSION = YES;
				GCC_WARN_ABOUT_RETURN_TYPE = YES_ERROR;
				GCC_WARN_UNDECLARED_SELECTOR = YES;
				GCC_WARN_UNINITIALIZED_AUTOS = YES_AGGRESSIVE;
				GCC_WARN_UNUSED_FUNCTION = YES;
				GCC_WARN_UNUSED_VARIABLE = YES;
				IPHONEOS_DEPLOYMENT_TARGET = 8.0;
				METAL_ENABLE_DEBUG_INFO = NO;
				SDKROOT = iphoneos;
				VALIDATE_PRODUCT = YES;
			};
			name = Release;
		};
		36A66D071955DA7A00E9D405 /* Debug */ = {
			isa = XCBuildConfiguration;
			buildSettings = {
				ASSETCATALOG_COMPILER_APPICON_NAME = AppIcon;
				ASSETCATALOG_COMPILER_LAUNCHIMAGE_NAME = LaunchImage;
				INFOPLIST_FILE = HypnoTime/Info.plist;
				IPHONEOS_DEPLOYMENT_TARGET = 7.1;
				LD_RUNPATH_SEARCH_PATHS = "$(inherited) @executable_path/Frameworks";
				PRODUCT_NAME = "$(TARGET_NAME)";
			};
			name = Debug;
		};
		36A66D081955DA7A00E9D405 /* Release */ = {
			isa = XCBuildConfiguration;
			buildSettings = {
				ASSETCATALOG_COMPILER_APPICON_NAME = AppIcon;
				ASSETCATALOG_COMPILER_LAUNCHIMAGE_NAME = LaunchImage;
				INFOPLIST_FILE = HypnoTime/Info.plist;
				IPHONEOS_DEPLOYMENT_TARGET = 7.1;
				LD_RUNPATH_SEARCH_PATHS = "$(inherited) @executable_path/Frameworks";
				PRODUCT_NAME = "$(TARGET_NAME)";
			};
			name = Release;
		};
		36A66D0A1955DA7A00E9D405 /* Debug */ = {
			isa = XCBuildConfiguration;
			buildSettings = {
				BUNDLE_LOADER = "$(BUILT_PRODUCTS_DIR)/HypnoTime.app/HypnoTime";
				FRAMEWORK_SEARCH_PATHS = (
					"$(SDKROOT)/Developer/Library/Frameworks",
					"$(inherited)",
				);
				GCC_PREPROCESSOR_DEFINITIONS = (
					"DEBUG=1",
					"$(inherited)",
				);
				INFOPLIST_FILE = HypnoTimeTests/Info.plist;
				LD_RUNPATH_SEARCH_PATHS = "$(inherited) @executable_path/Frameworks @loader_path/Frameworks";
				METAL_ENABLE_DEBUG_INFO = YES;
				PRODUCT_NAME = "$(TARGET_NAME)";
				TEST_HOST = "$(BUNDLE_LOADER)";
			};
			name = Debug;
		};
		36A66D0B1955DA7A00E9D405 /* Release */ = {
			isa = XCBuildConfiguration;
			buildSettings = {
				BUNDLE_LOADER = "$(BUILT_PRODUCTS_DIR)/HypnoTime.app/HypnoTime";
				FRAMEWORK_SEARCH_PATHS = (
					"$(SDKROOT)/Developer/Library/Frameworks",
					"$(inherited)",
				);
				INFOPLIST_FILE = HypnoTimeTests/Info.plist;
				LD_RUNPATH_SEARCH_PATHS = "$(inherited) @executable_path/Frameworks @loader_path/Frameworks";
				METAL_ENABLE_DEBUG_INFO = NO;
				PRODUCT_NAME = "$(TARGET_NAME)";
				TEST_HOST = "$(BUNDLE_LOADER)";
			};
			name = Release;
		};
/* End XCBuildConfiguration section */

/* Begin XCConfigurationList section */
		36A66CEA1955DA7A00E9D405 /* Build configuration list for PBXProject "HypnoTime" */ = {
			isa = XCConfigurationList;
			buildConfigurations = (
				36A66D041955DA7A00E9D405 /* Debug */,
				36A66D051955DA7A00E9D405 /* Release */,
			);
			defaultConfigurationIsVisible = 0;
			defaultConfigurationName = Release;
		};
		36A66D061955DA7A00E9D405 /* Build configuration list for PBXNativeTarget "HypnoTime" */ = {
			isa = XCConfigurationList;
			buildConfigurations = (
				36A66D071955DA7A00E9D405 /* Debug */,
				36A66D081955DA7A00E9D405 /* Release */,
			);
			defaultConfigurationIsVisible = 0;
			defaultConfigurationName = Release;
		};
		36A66D091955DA7A00E9D405 /* Build configuration list for PBXNativeTarget "HypnoTimeTests" */ = {
			isa = XCConfigurationList;
			buildConfigurations = (
				36A66D0A1955DA7A00E9D405 /* Debug */,
				36A66D0B1955DA7A00E9D405 /* Release */,
			);
			defaultConfigurationIsVisible = 0;
			defaultConfigurationName = Release;
		};
/* End XCConfigurationList section */
	};
	rootObject = 36A66CE71955DA7A00E9D405 /* Project object */;
}
