// !$*UTF8*$!
{
	archiveVersion = 1;
	classes = {
	};
	objectVersion = 46;
	objects = {

/* Begin PBXBuildFile section */
		3623CF3E19546F6D0078F546 /* AppDelegate.swift in Sources */ = {isa = PBXBuildFile; fileRef = 3623CF3D19546F6D0078F546 /* AppDelegate.swift */; };
		3623CF4019546F6D0078F546 /* Images.xcassets in Resources */ = {isa = PBXBuildFile; fileRef = 3623CF3F19546F6D0078F546 /* Images.xcassets */; };
		3623CF4C19546F6D0078F546 /* HypnosisterTests.swift in Sources */ = {isa = PBXBuildFile; fileRef = 3623CF4B19546F6D0078F546 /* HypnosisterTests.swift */; };
		3623CF561954705A0078F546 /* HypnosisView.swift in Sources */ = {isa = PBXBuildFile; fileRef = 3623CF551954705A0078F546 /* HypnosisView.swift */; };
		3623CF58195487CA0078F546 /* CoreGraphics.framework in Frameworks */ = {isa = PBXBuildFile; fileRef = 3623CF57195487CA0078F546 /* CoreGraphics.framework */; };
/* End PBXBuildFile section */

/* Begin PBXContainerItemProxy section */
		3623CF4619546F6D0078F546 /* PBXContainerItemProxy */ = {
			isa = PBXContainerItemProxy;
			containerPortal = 3623CF3019546F6C0078F546 /* Project object */;
			proxyType = 1;
			remoteGlobalIDString = 3623CF3719546F6C0078F546;
			remoteInfo = Hypnosister;
		};
/* End PBXContainerItemProxy section */

/* Begin PBXFileReference section */
		3623CF3819546F6D0078F546 /* Hypnosister.app */ = {isa = PBXFileReference; explicitFileType = wrapper.application; includeInIndex = 0; path = Hypnosister.app; sourceTree = BUILT_PRODUCTS_DIR; };
		3623CF3C19546F6D0078F546 /* Info.plist */ = {isa = PBXFileReference; lastKnownFileType = text.plist.xml; path = Info.plist; sourceTree = "<group>"; };
		3623CF3D19546F6D0078F546 /* AppDelegate.swift */ = {isa = PBXFileReference; lastKnownFileType = sourcecode.swift; path = AppDelegate.swift; sourceTree = "<group>"; };
		3623CF3F19546F6D0078F546 /* Images.xcassets */ = {isa = PBXFileReference; lastKnownFileType = folder.assetcatalog; path = Images.xcassets; sourceTree = "<group>"; };
		3623CF4519546F6D0078F546 /* HypnosisterTests.xctest */ = {isa = PBXFileReference; explicitFileType = wrapper.cfbundle; includeInIndex = 0; path = HypnosisterTests.xctest; sourceTree = BUILT_PRODUCTS_DIR; };
		3623CF4A19546F6D0078F546 /* Info.plist */ = {isa = PBXFileReference; lastKnownFileType = text.plist.xml; path = Info.plist; sourceTree = "<group>"; };
		3623CF4B19546F6D0078F546 /* HypnosisterTests.swift */ = {isa = PBXFileReference; lastKnownFileType = sourcecode.swift; path = HypnosisterTests.swift; sourceTree = "<group>"; };
		3623CF551954705A0078F546 /* HypnosisView.swift */ = {isa = PBXFileReference; fileEncoding = 4; lastKnownFileType = sourcecode.swift; path = HypnosisView.swift; sourceTree = "<group>"; };
		3623CF57195487CA0078F546 /* CoreGraphics.framework */ = {isa = PBXFileReference; lastKnownFileType = wrapper.framework; name = CoreGraphics.framework; path = System/Library/Frameworks/CoreGraphics.framework; sourceTree = SDKROOT; };
/* End PBXFileReference section */

/* Begin PBXFrameworksBuildPhase section */
		3623CF3519546F6C0078F546 /* Frameworks */ = {
			isa = PBXFrameworksBuildPhase;
			buildActionMask = 2147483647;
			files = (
				3623CF58195487CA0078F546 /* CoreGraphics.framework in Frameworks */,
			);
			runOnlyForDeploymentPostprocessing = 0;
		};
		3623CF4219546F6D0078F546 /* Frameworks */ = {
			isa = PBXFrameworksBuildPhase;
			buildActionMask = 2147483647;
			files = (
			);
			runOnlyForDeploymentPostprocessing = 0;
		};
/* End PBXFrameworksBuildPhase section */

/* Begin PBXGroup section */
		3623CF2F19546F6C0078F546 = {
			isa = PBXGroup;
			children = (
				3623CF57195487CA0078F546 /* CoreGraphics.framework */,
				3623CF3A19546F6D0078F546 /* Hypnosister */,
				3623CF4819546F6D0078F546 /* HypnosisterTests */,
				3623CF3919546F6D0078F546 /* Products */,
			);
			sourceTree = "<group>";
		};
		3623CF3919546F6D0078F546 /* Products */ = {
			isa = PBXGroup;
			children = (
				3623CF3819546F6D0078F546 /* Hypnosister.app */,
				3623CF4519546F6D0078F546 /* HypnosisterTests.xctest */,
			);
			name = Products;
			sourceTree = "<group>";
		};
		3623CF3A19546F6D0078F546 /* Hypnosister */ = {
			isa = PBXGroup;
			children = (
				3623CF3D19546F6D0078F546 /* AppDelegate.swift */,
				3623CF551954705A0078F546 /* HypnosisView.swift */,
				3623CF3F19546F6D0078F546 /* Images.xcassets */,
				3623CF3B19546F6D0078F546 /* Supporting Files */,
			);
			path = Hypnosister;
			sourceTree = "<group>";
		};
		3623CF3B19546F6D0078F546 /* Supporting Files */ = {
			isa = PBXGroup;
			children = (
				3623CF3C19546F6D0078F546 /* Info.plist */,
			);
			name = "Supporting Files";
			sourceTree = "<group>";
		};
		3623CF4819546F6D0078F546 /* HypnosisterTests */ = {
			isa = PBXGroup;
			children = (
				3623CF4B19546F6D0078F546 /* HypnosisterTests.swift */,
				3623CF4919546F6D0078F546 /* Supporting Files */,
			);
			path = HypnosisterTests;
			sourceTree = "<group>";
		};
		3623CF4919546F6D0078F546 /* Supporting Files */ = {
			isa = PBXGroup;
			children = (
				3623CF4A19546F6D0078F546 /* Info.plist */,
			);
			name = "Supporting Files";
			sourceTree = "<group>";
		};
/* End PBXGroup section */

/* Begin PBXNativeTarget section */
		3623CF3719546F6C0078F546 /* Hypnosister */ = {
			isa = PBXNativeTarget;
			buildConfigurationList = 3623CF4F19546F6D0078F546 /* Build configuration list for PBXNativeTarget "Hypnosister" */;
			buildPhases = (
				3623CF3419546F6C0078F546 /* Sources */,
				3623CF3519546F6C0078F546 /* Frameworks */,
				3623CF3619546F6C0078F546 /* Resources */,
			);
			buildRules = (
			);
			dependencies = (
			);
			name = Hypnosister;
			productName = Hypnosister;
			productReference = 3623CF3819546F6D0078F546 /* Hypnosister.app */;
			productType = "com.apple.product-type.application";
		};
		3623CF4419546F6D0078F546 /* HypnosisterTests */ = {
			isa = PBXNativeTarget;
			buildConfigurationList = 3623CF5219546F6D0078F546 /* Build configuration list for PBXNativeTarget "HypnosisterTests" */;
			buildPhases = (
				3623CF4119546F6D0078F546 /* Sources */,
				3623CF4219546F6D0078F546 /* Frameworks */,
				3623CF4319546F6D0078F546 /* Resources */,
			);
			buildRules = (
			);
			dependencies = (
				3623CF4719546F6D0078F546 /* PBXTargetDependency */,
			);
			name = HypnosisterTests;
			productName = HypnosisterTests;
			productReference = 3623CF4519546F6D0078F546 /* HypnosisterTests.xctest */;
			productType = "com.apple.product-type.bundle.unit-test";
		};
/* End PBXNativeTarget section */

/* Begin PBXProject section */
		3623CF3019546F6C0078F546 /* Project object */ = {
			isa = PBXProject;
			attributes = {
				LastUpgradeCheck = 0600;
				ORGANIZATIONNAME = chain;
				TargetAttributes = {
					3623CF3719546F6C0078F546 = {
						CreatedOnToolsVersion = 6.0;
					};
					3623CF4419546F6D0078F546 = {
						CreatedOnToolsVersion = 6.0;
						TestTargetID = 3623CF3719546F6C0078F546;
					};
				};
			};
			buildConfigurationList = 3623CF3319546F6C0078F546 /* Build configuration list for PBXProject "Hypnosister" */;
			compatibilityVersion = "Xcode 3.2";
			developmentRegion = English;
			hasScannedForEncodings = 0;
			knownRegions = (
				en,
			);
			mainGroup = 3623CF2F19546F6C0078F546;
			productRefGroup = 3623CF3919546F6D0078F546 /* Products */;
			projectDirPath = "";
			projectRoot = "";
			targets = (
				3623CF3719546F6C0078F546 /* Hypnosister */,
				3623CF4419546F6D0078F546 /* HypnosisterTests */,
			);
		};
/* End PBXProject section */

/* Begin PBXResourcesBuildPhase section */
		3623CF3619546F6C0078F546 /* Resources */ = {
			isa = PBXResourcesBuildPhase;
			buildActionMask = 2147483647;
			files = (
				3623CF4019546F6D0078F546 /* Images.xcassets in Resources */,
			);
			runOnlyForDeploymentPostprocessing = 0;
		};
		3623CF4319546F6D0078F546 /* Resources */ = {
			isa = PBXResourcesBuildPhase;
			buildActionMask = 2147483647;
			files = (
			);
			runOnlyForDeploymentPostprocessing = 0;
		};
/* End PBXResourcesBuildPhase section */

/* Begin PBXSourcesBuildPhase section */
		3623CF3419546F6C0078F546 /* Sources */ = {
			isa = PBXSourcesBuildPhase;
			buildActionMask = 2147483647;
			files = (
				3623CF3E19546F6D0078F546 /* AppDelegate.swift in Sources */,
				3623CF561954705A0078F546 /* HypnosisView.swift in Sources */,
			);
			runOnlyForDeploymentPostprocessing = 0;
		};
		3623CF4119546F6D0078F546 /* Sources */ = {
			isa = PBXSourcesBuildPhase;
			buildActionMask = 2147483647;
			files = (
				3623CF4C19546F6D0078F546 /* HypnosisterTests.swift in Sources */,
			);
			runOnlyForDeploymentPostprocessing = 0;
		};
/* End PBXSourcesBuildPhase section */

/* Begin PBXTargetDependency section */
		3623CF4719546F6D0078F546 /* PBXTargetDependency */ = {
			isa = PBXTargetDependency;
			target = 3623CF3719546F6C0078F546 /* Hypnosister */;
			targetProxy = 3623CF4619546F6D0078F546 /* PBXContainerItemProxy */;
		};
/* End PBXTargetDependency section */

/* Begin XCBuildConfiguration section */
		3623CF4D19546F6D0078F546 /* Debug */ = {
			isa = XCBuildConfiguration;
			buildSettings = {
				ALWAYS_SEARCH_USER_PATHS = NO;
				CLANG_CXX_LANGUAGE_STANDARD = "gnu++0x";
				CLANG_CXX_LIBRARY = "libc++";
				CLANG_ENABLE_MODULES = YES;
				CLANG_ENABLE_OBJC_ARC = YES;
				CLANG_WARN_BOOL_CONVERSION = YES;
				CLANG_WARN_CONSTANT_CONVERSION = YES;
				CLANG_WARN_DIRECT_OBJC_ISA_USAGE = YES_ERROR;
				CLANG_WARN_EMPTY_BODY = YES;
				CLANG_WARN_ENUM_CONVERSION = YES;
				CLANG_WARN_INT_CONVERSION = YES;
				CLANG_WARN_OBJC_ROOT_CLASS = YES_ERROR;
				CLANG_WARN_UNREACHABLE_CODE = YES;
				CLANG_WARN__DUPLICATE_METHOD_MATCH = YES;
				"CODE_SIGN_IDENTITY[sdk=iphoneos*]" = "iPhone Developer";
				COPY_PHASE_STRIP = NO;
				ENABLE_STRICT_OBJC_MSGSEND = YES;
				GCC_C_LANGUAGE_STANDARD = gnu99;
				GCC_DYNAMIC_NO_PIC = NO;
				GCC_OPTIMIZATION_LEVEL = 0;
				GCC_PREPROCESSOR_DEFINITIONS = (
					"DEBUG=1",
					"$(inherited)",
				);
				GCC_SYMBOLS_PRIVATE_EXTERN = NO;
				GCC_WARN_64_TO_32_BIT_CONVERSION = YES;
				GCC_WARN_ABOUT_RETURN_TYPE = YES_ERROR;
				GCC_WARN_UNDECLARED_SELECTOR = YES;
				GCC_WARN_UNINITIALIZED_AUTOS = YES_AGGRESSIVE;
				GCC_WARN_UNUSED_FUNCTION = YES;
				GCC_WARN_UNUSED_VARIABLE = YES;
				IPHONEOS_DEPLOYMENT_TARGET = 8.0;
				METAL_ENABLE_DEBUG_INFO = YES;
				ONLY_ACTIVE_ARCH = YES;
				SDKROOT = iphoneos;
				SWIFT_OPTIMIZATION_LEVEL = "-Onone";
			};
			name = Debug;
		};
		3623CF4E19546F6D0078F546 /* Release */ = {
			isa = XCBuildConfiguration;
			buildSettings = {
				ALWAYS_SEARCH_USER_PATHS = NO;
				CLANG_CXX_LANGUAGE_STANDARD = "gnu++0x";
				CLANG_CXX_LIBRARY = "libc++";
				CLANG_ENABLE_MODULES = YES;
				CLANG_ENABLE_OBJC_ARC = YES;
				CLANG_WARN_BOOL_CONVERSION = YES;
				CLANG_WARN_CONSTANT_CONVERSION = YES;
				CLANG_WARN_DIRECT_OBJC_ISA_USAGE = YES_ERROR;
				CLANG_WARN_EMPTY_BODY = YES;
				CLANG_WARN_ENUM_CONVERSION = YES;
				CLANG_WARN_INT_CONVERSION = YES;
				CLANG_WARN_OBJC_ROOT_CLASS = YES_ERROR;
				CLANG_WARN_UNREACHABLE_CODE = YES;
				CLANG_WARN__DUPLICATE_METHOD_MATCH = YES;
				"CODE_SIGN_IDENTITY[sdk=iphoneos*]" = "iPhone Developer";
				COPY_PHASE_STRIP = YES;
				ENABLE_NS_ASSERTIONS = NO;
				ENABLE_STRICT_OBJC_MSGSEND = YES;
				GCC_C_LANGUAGE_STANDARD = gnu99;
				GCC_WARN_64_TO_32_BIT_CONVERSION = YES;
				GCC_WARN_ABOUT_RETURN_TYPE = YES_ERROR;
				GCC_WARN_UNDECLARED_SELECTOR = YES;
				GCC_WARN_UNINITIALIZED_AUTOS = YES_AGGRESSIVE;
				GCC_WARN_UNUSED_FUNCTION = YES;
				GCC_WARN_UNUSED_VARIABLE = YES;
				IPHONEOS_DEPLOYMENT_TARGET = 8.0;
				METAL_ENABLE_DEBUG_INFO = NO;
				SDKROOT = iphoneos;
				VALIDATE_PRODUCT = YES;
			};
			name = Release;
		};
		3623CF5019546F6D0078F546 /* Debug */ = {
			isa = XCBuildConfiguration;
			buildSettings = {
				ASSETCATALOG_COMPILER_APPICON_NAME = AppIcon;
				ASSETCATALOG_COMPILER_LAUNCHIMAGE_NAME = LaunchImage;
				INFOPLIST_FILE = Hypnosister/Info.plist;
				IPHONEOS_DEPLOYMENT_TARGET = 7.1;
				LD_RUNPATH_SEARCH_PATHS = "$(inherited) @executable_path/Frameworks";
				PRODUCT_NAME = "$(TARGET_NAME)";
			};
			name = Debug;
		};
		3623CF5119546F6D0078F546 /* Release */ = {
			isa = XCBuildConfiguration;
			buildSettings = {
				ASSETCATALOG_COMPILER_APPICON_NAME = AppIcon;
				ASSETCATALOG_COMPILER_LAUNCHIMAGE_NAME = LaunchImage;
				INFOPLIST_FILE = Hypnosister/Info.plist;
				IPHONEOS_DEPLOYMENT_TARGET = 7.1;
				LD_RUNPATH_SEARCH_PATHS = "$(inherited) @executable_path/Frameworks";
				PRODUCT_NAME = "$(TARGET_NAME)";
			};
			name = Release;
		};
		3623CF5319546F6D0078F546 /* Debug */ = {
			isa = XCBuildConfiguration;
			buildSettings = {
				BUNDLE_LOADER = "$(BUILT_PRODUCTS_DIR)/Hypnosister.app/Hypnosister";
				FRAMEWORK_SEARCH_PATHS = (
					"$(SDKROOT)/Developer/Library/Frameworks",
					"$(inherited)",
				);
				GCC_PREPROCESSOR_DEFINITIONS = (
					"DEBUG=1",
					"$(inherited)",
				);
				INFOPLIST_FILE = HypnosisterTests/Info.plist;
				LD_RUNPATH_SEARCH_PATHS = "$(inherited) @executable_path/Frameworks @loader_path/Frameworks";
				METAL_ENABLE_DEBUG_INFO = YES;
				PRODUCT_NAME = "$(TARGET_NAME)";
				TEST_HOST = "$(BUNDLE_LOADER)";
			};
			name = Debug;
		};
		3623CF5419546F6D0078F546 /* Release */ = {
			isa = XCBuildConfiguration;
			buildSettings = {
				BUNDLE_LOADER = "$(BUILT_PRODUCTS_DIR)/Hypnosister.app/Hypnosister";
				FRAMEWORK_SEARCH_PATHS = (
					"$(SDKROOT)/Developer/Library/Frameworks",
					"$(inherited)",
				);
				INFOPLIST_FILE = HypnosisterTests/Info.plist;
				LD_RUNPATH_SEARCH_PATHS = "$(inherited) @executable_path/Frameworks @loader_path/Frameworks";
				METAL_ENABLE_DEBUG_INFO = NO;
				PRODUCT_NAME = "$(TARGET_NAME)";
				TEST_HOST = "$(BUNDLE_LOADER)";
			};
			name = Release;
		};
/* End XCBuildConfiguration section */

/* Begin XCConfigurationList section */
		3623CF3319546F6C0078F546 /* Build configuration list for PBXProject "Hypnosister" */ = {
			isa = XCConfigurationList;
			buildConfigurations = (
				3623CF4D19546F6D0078F546 /* Debug */,
				3623CF4E19546F6D0078F546 /* Release */,
			);
			defaultConfigurationIsVisible = 0;
			defaultConfigurationName = Release;
		};
		3623CF4F19546F6D0078F546 /* Build configuration list for PBXNativeTarget "Hypnosister" */ = {
			isa = XCConfigurationList;
			buildConfigurations = (
				3623CF5019546F6D0078F546 /* Debug */,
				3623CF5119546F6D0078F546 /* Release */,
			);
			defaultConfigurationIsVisible = 0;
		};
		3623CF5219546F6D0078F546 /* Build configuration list for PBXNativeTarget "HypnosisterTests" */ = {
			isa = XCConfigurationList;
			buildConfigurations = (
				3623CF5319546F6D0078F546 /* Debug */,
				3623CF5419546F6D0078F546 /* Release */,
			);
			defaultConfigurationIsVisible = 0;
		};
/* End XCConfigurationList section */
	};
	rootObject = 3623CF3019546F6C0078F546 /* Project object */;
}
